
Microsoft Visual Studio Solution File, Format Version 12.00
# Visual Studio Version 16
VisualStudioVersion = 16.0.29806.167
MinimumVisualStudioVersion = 10.0.40219.1
Project("{FAE04EC0-301F-11D3-BF4B-00C04F79EFBC}") = "PrismMVVM", "PrismMVVM\PrismMVVM\PrismMVVM.csproj", "{C6A258E5-70B4-484F-A333-11BE284F89D4}"
EndProject
Project("{FAE04EC0-301F-11D3-BF4B-00C04F79EFBC}") = "PrismMVVM.Android", "PrismMVVM\PrismMVVM.Android\PrismMVVM.Android.csproj", "{B16D581B-3722-459E-B0D9-4C3AE015955A}"
EndProject
Project("{FAE04EC0-301F-11D3-BF4B-00C04F79EFBC}") = "PrismMVVM.iOS", "PrismMVVM\PrismMVVM.iOS\PrismMVVM.iOS.csproj", "{2206E1ED-3F97-4923-B489-0F8867891D6B}"
EndProject
Global
	GlobalSection(SolutionConfigurationPlatforms) = preSolution
		Ad-Hoc|Any CPU = Ad-Hoc|Any CPU
		Ad-Hoc|iPhone = Ad-Hoc|iPhone
		Ad-Hoc|iPhoneSimulator = Ad-Hoc|iPhoneSimulator
		AppStore|Any CPU = AppStore|Any CPU
		AppStore|iPhone = AppStore|iPhone
		AppStore|iPhoneSimulator = AppStore|iPhoneSimulator
		Debug|Any CPU = Debug|Any CPU
		Debug|iPhone = Debug|iPhone
		Debug|iPhoneSimulator = Debug|iPhoneSimulator
		Release|Any CPU = Release|Any CPU
		Release|iPhone = Release|iPhone
		Release|iPhoneSimulator = Release|iPhoneSimulator
	EndGlobalSection
	GlobalSection(ProjectConfigurationPlatforms) = postSolution
		{C6A258E5-70B4-484F-A333-11BE284F89D4}.Ad-Hoc|Any CPU.ActiveCfg = Debug|Any CPU
		{C6A258E5-70B4-484F-A333-11BE284F89D4}.Ad-Hoc|Any CPU.Build.0 = Debug|Any CPU
		{C6A258E5-70B4-484F-A333-11BE284F89D4}.Ad-Hoc|iPhone.ActiveCfg = Debug|Any CPU
		{C6A258E5-70B4-484F-A333-11BE284F89D4}.Ad-Hoc|iPhone.Build.0 = Debug|Any CPU
		{C6A258E5-70B4-484F-A333-11BE284F89D4}.Ad-Hoc|iPhoneSimulator.ActiveCfg = Debug|Any CPU
		{C6A258E5-70B4-484F-A333-11BE284F89D4}.Ad-Hoc|iPhoneSimulator.Build.0 = Debug|Any CPU
		{C6A258E5-70B4-484F-A333-11BE284F89D4}.AppStore|Any CPU.ActiveCfg = Debug|Any CPU
		{C6A258E5-70B4-484F-A333-11BE284F89D4}.AppStore|Any CPU.Build.0 = Debug|Any CPU
		{C6A258E5-70B4-484F-A333-11BE284F89D4}.AppStore|iPhone.ActiveCfg = Debug|Any CPU
		{C6A258E5-70B4-484F-A333-11BE284F89D4}.AppStore|iPhone.Build.0 = Debug|Any CPU
		{C6A258E5-70B4-484F-A333-11BE284F89D4}.AppStore|iPhoneSimulator.ActiveCfg = Debug|Any CPU
		{C6A258E5-70B4-484F-A333-11BE284F89D4}.AppStore|iPhoneSimulator.Build.0 = Debug|Any CPU
		{C6A258E5-70B4-484F-A333-11BE284F89D4}.Debug|Any CPU.ActiveCfg = Debug|Any CPU
		{C6A258E5-70B4-484F-A333-11BE284F89D4}.Debug|Any CPU.Build.0 = Debug|Any CPU
		{C6A258E5-70B4-484F-A333-11BE284F89D4}.Debug|iPhone.ActiveCfg = Debug|Any CPU
		{C6A258E5-70B4-484F-A333-11BE284F89D4}.Debug|iPhone.Build.0 = Debug|Any CPU
		{C6A258E5-70B4-484F-A333-11BE284F89D4}.Debug|iPhoneSimulator.ActiveCfg = Debug|Any CPU
		{C6A258E5-70B4-484F-A333-11BE284F89D4}.Debug|iPhoneSimulator.Build.0 = Debug|Any CPU
		{C6A258E5-70B4-484F-A333-11BE284F89D4}.Release|Any CPU.ActiveCfg = Release|Any CPU
		{C6A258E5-70B4-484F-A333-11BE284F89D4}.Release|Any CPU.Build.0 = Release|Any CPU
		{C6A258E5-70B4-484F-A333-11BE284F89D4}.Release|iPhone.ActiveCfg = Release|Any CPU
		{C6A258E5-70B4-484F-A333-11BE284F89D4}.Release|iPhone.Build.0 = Release|Any CPU
		{C6A258E5-70B4-484F-A333-11BE284F89D4}.Release|iPhoneSimulator.ActiveCfg = Release|Any CPU
		{C6A258E5-70B4-484F-A333-11BE284F89D4}.Release|iPhoneSimulator.Build.0 = Release|Any CPU
		{B16D581B-3722-459E-B0D9-4C3AE015955A}.Ad-Hoc|Any CPU.ActiveCfg = Release|Any CPU
		{B16D581B-3722-459E-B0D9-4C3AE015955A}.Ad-Hoc|Any CPU.Build.0 = Release|Any CPU
		{B16D581B-3722-459E-B0D9-4C3AE015955A}.Ad-Hoc|Any CPU.Deploy.0 = Release|Any CPU
		{B16D581B-3722-459E-B0D9-4C3AE015955A}.Ad-Hoc|iPhone.ActiveCfg = Release|Any CPU
		{B16D581B-3722-459E-B0D9-4C3AE015955A}.Ad-Hoc|iPhone.Build.0 = Release|Any CPU
		{B16D581B-3722-459E-B0D9-4C3AE015955A}.Ad-Hoc|iPhone.Deploy.0 = Release|Any CPU
		{B16D581B-3722-459E-B0D9-4C3AE015955A}.Ad-Hoc|iPhoneSimulator.ActiveCfg = Release|Any CPU
		{B16D581B-3722-459E-B0D9-4C3AE015955A}.Ad-Hoc|iPhoneSimulator.Build.0 = Release|Any CPU
		{B16D581B-3722-459E-B0D9-4C3AE015955A}.Ad-Hoc|iPhoneSimulator.Deploy.0 = Release|Any CPU
		{B16D581B-3722-459E-B0D9-4C3AE015955A}.AppStore|Any CPU.ActiveCfg = Release|Any CPU
		{B16D581B-3722-459E-B0D9-4C3AE015955A}.AppStore|Any CPU.Build.0 = Release|Any CPU
		{B16D581B-3722-459E-B0D9-4C3AE015955A}.AppStore|Any CPU.Deploy.0 = Release|Any CPU
		{B16D581B-3722-459E-B0D9-4C3AE015955A}.AppStore|iPhone.ActiveCfg = Release|Any CPU
		{B16D581B-3722-459E-B0D9-4C3AE015955A}.AppStore|iPhone.Build.0 = Release|Any CPU
		{B16D581B-3722-459E-B0D9-4C3AE015955A}.AppStore|iPhone.Deploy.0 = Release|Any CPU
		{B16D581B-3722-459E-B0D9-4C3AE015955A}.AppStore|iPhoneSimulator.ActiveCfg = Release|Any CPU
		{B16D581B-3722-459E-B0D9-4C3AE015955A}.AppStore|iPhoneSimulator.Build.0 = Release|Any CPU
		{B16D581B-3722-459E-B0D9-4C3AE015955A}.AppStore|iPhoneSimulator.Deploy.0 = Release|Any CPU
		{B16D581B-3722-459E-B0D9-4C3AE015955A}.Debug|Any CPU.ActiveCfg = Debug|Any CPU
		{B16D581B-3722-459E-B0D9-4C3AE015955A}.Debug|Any CPU.Build.0 = Debug|Any CPU
		{B16D581B-3722-459E-B0D9-4C3AE015955A}.Debug|Any CPU.Deploy.0 = Debug|Any CPU
		{B16D581B-3722-459E-B0D9-4C3AE015955A}.Debug|iPhone.ActiveCfg = Debug|Any CPU
		{B16D581B-3722-459E-B0D9-4C3AE015955A}.Debug|iPhone.Build.0 = Debug|Any CPU
		{B16D581B-3722-459E-B0D9-4C3AE015955A}.Debug|iPhone.Deploy.0 = Debug|Any CPU
		{B16D581B-3722-459E-B0D9-4C3AE015955A}.Debug|iPhoneSimulator.ActiveCfg = Debug|Any CPU
		{B16D581B-3722-459E-B0D9-4C3AE015955A}.Debug|iPhoneSimulator.Build.0 = Debug|Any CPU
		{B16D581B-3722-459E-B0D9-4C3AE015955A}.Debug|iPhoneSimulator.Deploy.0 = Debug|Any CPU
		{B16D581B-3722-459E-B0D9-4C3AE015955A}.Release|Any CPU.ActiveCfg = Release|Any CPU
		{B16D581B-3722-459E-B0D9-4C3AE015955A}.Release|Any CPU.Build.0 = Release|Any CPU
		{B16D581B-3722-459E-B0D9-4C3AE015955A}.Release|Any CPU.Deploy.0 = Release|Any CPU
		{B16D581B-3722-459E-B0D9-4C3AE015955A}.Release|iPhone.ActiveCfg = Release|Any CPU
		{B16D581B-3722-459E-B0D9-4C3AE015955A}.Release|iPhone.Build.0 = Release|Any CPU
		{B16D581B-3722-459E-B0D9-4C3AE015955A}.Release|iPhone.Deploy.0 = Release|Any CPU
		{B16D581B-3722-459E-B0D9-4C3AE015955A}.Release|iPhoneSimulator.ActiveCfg = Release|Any CPU
		{B16D581B-3722-459E-B0D9-4C3AE015955A}.Release|iPhoneSimulator.Build.0 = Release|Any CPU
		{B16D581B-3722-459E-B0D9-4C3AE015955A}.Release|iPhoneSimulator.Deploy.0 = Release|Any CPU
		{2206E1ED-3F97-4923-B489-0F8867891D6B}.Ad-Hoc|Any CPU.ActiveCfg = Ad-Hoc|iPhone
		{2206E1ED-3F97-4923-B489-0F8867891D6B}.Ad-Hoc|iPhone.ActiveCfg = Ad-Hoc|iPhone
		{2206E1ED-3F97-4923-B489-0F8867891D6B}.Ad-Hoc|iPhone.Build.0 = Ad-Hoc|iPhone
		{2206E1ED-3F97-4923-B489-0F8867891D6B}.Ad-Hoc|iPhoneSimulator.ActiveCfg = Ad-Hoc|iPhoneSimulator
		{2206E1ED-3F97-4923-B489-0F8867891D6B}.Ad-Hoc|iPhoneSimulator.Build.0 = Ad-Hoc|iPhoneSimulator
		{2206E1ED-3F97-4923-B489-0F8867891D6B}.AppStore|Any CPU.ActiveCfg = AppStore|iPhone
		{2206E1ED-3F97-4923-B489-0F8867891D6B}.AppStore|iPhone.ActiveCfg = AppStore|iPhone
		{2206E1ED-3F97-4923-B489-0F8867891D6B}.AppStore|iPhone.Build.0 = AppStore|iPhone
		{2206E1ED-3F97-4923-B489-0F8867891D6B}.AppStore|iPhoneSimulator.ActiveCfg = AppStore|iPhoneSimulator
		{2206E1ED-3F97-4923-B489-0F8867891D6B}.AppStore|iPhoneSimulator.Build.0 = AppStore|iPhoneSimulator
		{2206E1ED-3F97-4923-B489-0F8867891D6B}.Debug|Any CPU.ActiveCfg = Debug|iPhone
		{2206E1ED-3F97-4923-B489-0F8867891D6B}.Debug|iPhone.ActiveCfg = Debug|iPhone
		{2206E1ED-3F97-4923-B489-0F8867891D6B}.Debug|iPhone.Build.0 = Debug|iPhone
		{2206E1ED-3F97-4923-B489-0F8867891D6B}.Debug|iPhoneSimulator.ActiveCfg = Debug|iPhoneSimulator
		{2206E1ED-3F97-4923-B489-0F8867891D6B}.Debug|iPhoneSimulator.Build.0 = Debug|iPhoneSimulator
		{2206E1ED-3F97-4923-B489-0F8867891D6B}.Release|Any CPU.ActiveCfg = Release|iPhone
		{2206E1ED-3F97-4923-B489-0F8867891D6B}.Release|iPhone.ActiveCfg = Release|iPhone
		{2206E1ED-3F97-4923-B489-0F8867891D6B}.Release|iPhone.Build.0 = Release|iPhone
		{2206E1ED-3F97-4923-B489-0F8867891D6B}.Release|iPhoneSimulator.ActiveCfg = Release|iPhoneSimulator
		{2206E1ED-3F97-4923-B489-0F8867891D6B}.Release|iPhoneSimulator.Build.0 = Release|iPhoneSimulator
	EndGlobalSection
	GlobalSection(SolutionProperties) = preSolution
		HideSolutionNode = FALSE
	EndGlobalSection
	GlobalSection(ExtensibilityGlobals) = postSolution
		SolutionGuid = {2DBB7576-AFE6-477F-8D42-8A4ECC5EB0C4}
	EndGlobalSection
EndGlobal
